
Microsoft Visual Studio Solution File, Format Version 11.00
# CopernicusIsolatedShell Solution File, Format Version 11.00
Project("{AC959CD1-5A2C-4306-BE72-259804B01F08}") = "Customer-Specific Solution (In Development)", "YS2ANQ7CY.myproj", "{FB292B45-D6FD-4A72-8B8B-2F28715BB921}"
EndProject
Global
	GlobalSection(SolutionConfigurationPlatforms) = preSolution
		Debug|x86 = Debug|x86
	EndGlobalSection
	GlobalSection(ProjectConfigurationPlatforms) = postSolution
		{FB292B45-D6FD-4A72-8B8B-2F28715BB921}.Debug|x86.ActiveCfg = Debug|x86
		{FB292B45-D6FD-4A72-8B8B-2F28715BB921}.Debug|x86.Build.0 = Debug|x86
	EndGlobalSection
	GlobalSection(SolutionProperties) = preSolution
		HideSolutionNode = FALSE
	EndGlobalSection
EndGlobal
